
Microsoft Visual Studio Solution File, Format Version 12.00
# Visual Studio Version 17
VisualStudioVersion = 17.14.36408.4
MinimumVisualStudioVersion = 10.0.40219.1
Project("{FAE04EC0-301F-11D3-BF4B-00C04F79EFBC}") = "Console2048", "Console2048.csproj", "{B9D6602E-E7E3-7E27-0634-E95DD8D82032}"
EndProject
Project("{FAE04EC0-301F-11D3-BF4B-00C04F79EFBC}") = "Console2048.Test", "..\Console2048.Test\Console2048.Test.csproj", "{C34674A8-26E8-4450-9573-0AB2B6EA4DFC}"
EndProject
Global
	GlobalSection(SolutionConfigurationPlatforms) = preSolution
		Debug|Any CPU = Debug|Any CPU
		Release|Any CPU = Release|Any CPU
	EndGlobalSection
	GlobalSection(ProjectConfigurationPlatforms) = postSolution
		{B9D6602E-E7E3-7E27-0634-E95DD8D82032}.Debug|Any CPU.ActiveCfg = Debug|Any CPU
		{B9D6602E-E7E3-7E27-0634-E95DD8D82032}.Debug|Any CPU.Build.0 = Debug|Any CPU
		{B9D6602E-E7E3-7E27-0634-E95DD8D82032}.Release|Any CPU.ActiveCfg = Release|Any CPU
		{B9D6602E-E7E3-7E27-0634-E95DD8D82032}.Release|Any CPU.Build.0 = Release|Any CPU
		{C34674A8-26E8-4450-9573-0AB2B6EA4DFC}.Debug|Any CPU.ActiveCfg = Debug|Any CPU
		{C34674A8-26E8-4450-9573-0AB2B6EA4DFC}.Debug|Any CPU.Build.0 = Debug|Any CPU
		{C34674A8-26E8-4450-9573-0AB2B6EA4DFC}.Release|Any CPU.ActiveCfg = Release|Any CPU
		{C34674A8-26E8-4450-9573-0AB2B6EA4DFC}.Release|Any CPU.Build.0 = Release|Any CPU
	EndGlobalSection
	GlobalSection(SolutionProperties) = preSolution
		HideSolutionNode = FALSE
	EndGlobalSection
	GlobalSection(ExtensibilityGlobals) = postSolution
		SolutionGuid = {16E1DEF9-2763-472D-8D2A-9D5E3EC47637}
	EndGlobalSection
EndGlobal
